// !$*UTF8*$!
{
	archiveVersion = 1;
	classes = {
	};
	objectVersion = 46;
	objects = {

/* Begin PBXBuildFile section */
		4910610A1C4C1E2400674084 /* AddressController.swift in Sources */ = {isa = PBXBuildFile; fileRef = 491061091C4C1E2400674084 /* AddressController.swift */; };
		4942537F1CF20D4300512832 /* Place.swift in Sources */ = {isa = PBXBuildFile; fileRef = 4942537E1CF20D4300512832 /* Place.swift */; };
		498249401C4EE5B100EE7001 /* Step.swift in Sources */ = {isa = PBXBuildFile; fileRef = 4982493F1C4EE5B100EE7001 /* Step.swift */; };
		49824A501C6D3A6200EE7001 /* RouteSpec.swift in Sources */ = {isa = PBXBuildFile; fileRef = 49824A4F1C6D3A6200EE7001 /* RouteSpec.swift */; };
		49824A521C6D3CE600EE7001 /* RouteViews.swift in Sources */ = {isa = PBXBuildFile; fileRef = 49824A511C6D3CE600EE7001 /* RouteViews.swift */; };
		4994ECA31D81E21F0095DB17 /* GoogleService-Info.plist in Resources */ = {isa = PBXBuildFile; fileRef = 4994ECA21D81E21F0095DB17 /* GoogleService-Info.plist */; };
		49DF53141C72DC1B00B9C0A5 /* UIRouteViewCell.swift in Sources */ = {isa = PBXBuildFile; fileRef = 49DF53131C72DC1B00B9C0A5 /* UIRouteViewCell.swift */; };
		49DF53161C74B4EC00B9C0A5 /* LoginController.swift in Sources */ = {isa = PBXBuildFile; fileRef = 49DF53151C74B4EC00B9C0A5 /* LoginController.swift */; };
		49DF53181C74B55300B9C0A5 /* User.swift in Sources */ = {isa = PBXBuildFile; fileRef = 49DF53171C74B55300B9C0A5 /* User.swift */; };
		49DF531A1C7505CB00B9C0A5 /* Login.storyboard in Resources */ = {isa = PBXBuildFile; fileRef = 49DF53191C7505CB00B9C0A5 /* Login.storyboard */; };
		49DF531C1C7E2BD100B9C0A5 /* SignUpView.swift in Sources */ = {isa = PBXBuildFile; fileRef = 49DF531B1C7E2BD100B9C0A5 /* SignUpView.swift */; };
		49DF531E1C98AC6000B9C0A5 /* Waypoint.swift in Sources */ = {isa = PBXBuildFile; fileRef = 49DF531D1C98AC6000B9C0A5 /* Waypoint.swift */; };
		49DF53201C98FC6800B9C0A5 /* RouteDetails.swift in Sources */ = {isa = PBXBuildFile; fileRef = 49DF531F1C98FC6800B9C0A5 /* RouteDetails.swift */; };
		49DF53221CA848DE00B9C0A5 /* WaypointViewCell.swift in Sources */ = {isa = PBXBuildFile; fileRef = 49DF53211CA848DE00B9C0A5 /* WaypointViewCell.swift */; };
		49DF53261CB0597D00B9C0A5 /* UserTableController.swift in Sources */ = {isa = PBXBuildFile; fileRef = 49DF53251CB0597D00B9C0A5 /* UserTableController.swift */; };
		49DF53281CB05B4500B9C0A5 /* UserCell.swift in Sources */ = {isa = PBXBuildFile; fileRef = 49DF53271CB05B4500B9C0A5 /* UserCell.swift */; };
		878CEDC81D8B09930026916B /* LoginView.swift in Sources */ = {isa = PBXBuildFile; fileRef = 878CEDC71D8B09930026916B /* LoginView.swift */; };
		878CEDCB1D8B0A800026916B /* MWConstants.swift in Sources */ = {isa = PBXBuildFile; fileRef = 878CEDCA1D8B0A800026916B /* MWConstants.swift */; };
		878CEDCD1D8B0B4D0026916B /* NSLayoutConstraint+Extensions.swift in Sources */ = {isa = PBXBuildFile; fileRef = 878CEDCC1D8B0B4D0026916B /* NSLayoutConstraint+Extensions.swift */; };
		878CEDCF1D8B0B780026916B /* UIColor+Extensions.swift in Sources */ = {isa = PBXBuildFile; fileRef = 878CEDCE1D8B0B780026916B /* UIColor+Extensions.swift */; };
		878CEDD11D8B0B940026916B /* UIView+Extensions.swift in Sources */ = {isa = PBXBuildFile; fileRef = 878CEDD01D8B0B940026916B /* UIView+Extensions.swift */; };
		878CEDD31D8B0BB90026916B /* UILabel+Extensions.swift in Sources */ = {isa = PBXBuildFile; fileRef = 878CEDD21D8B0BB90026916B /* UILabel+Extensions.swift */; };
		87AE14AB1D9D7D0D0046B1C2 /* TitleViewController.swift in Sources */ = {isa = PBXBuildFile; fileRef = 87AE14AA1D9D7D0D0046B1C2 /* TitleViewController.swift */; };
		87AE14AD1D9D7EFE0046B1C2 /* TitleViewButtonHub.swift in Sources */ = {isa = PBXBuildFile; fileRef = 87AE14AC1D9D7EFE0046B1C2 /* TitleViewButtonHub.swift */; };
		87AE14AF1D9D845B0046B1C2 /* TitleView.swift in Sources */ = {isa = PBXBuildFile; fileRef = 87AE14AE1D9D845B0046B1C2 /* TitleView.swift */; };
		AAC86B7EDDF4A9D2F75BDC79 /* Pods_MealsOnWheelsTests.framework in Frameworks */ = {isa = PBXBuildFile; fileRef = D3E4093AC0FDF52065190BE2 /* Pods_MealsOnWheelsTests.framework */; };
		B4B4E066411856D054A208E0 /* Pods_MealsOnWheels.framework in Frameworks */ = {isa = PBXBuildFile; fileRef = D85DA5F5A60EA2ABC1F2D32E /* Pods_MealsOnWheels.framework */; };
		CD8B9C2C1D8B237E000370CF /* MainTabView.swift in Sources */ = {isa = PBXBuildFile; fileRef = CD8B9C2B1D8B237E000370CF /* MainTabView.swift */; };
		CD8B9C2E1D8B25BA000370CF /* MainViewController.swift in Sources */ = {isa = PBXBuildFile; fileRef = CD8B9C2D1D8B25BA000370CF /* MainViewController.swift */; };
		CD8B9C301D8B2A97000370CF /* MainView.swift in Sources */ = {isa = PBXBuildFile; fileRef = CD8B9C2F1D8B2A97000370CF /* MainView.swift */; };
		CD8B9C321D8B2B3D000370CF /* CurrentRouteView.swift in Sources */ = {isa = PBXBuildFile; fileRef = CD8B9C311D8B2B3D000370CF /* CurrentRouteView.swift */; };
		CDF17AF61D8B40D70095337F /* RegistrationEmailController.swift in Sources */ = {isa = PBXBuildFile; fileRef = CDF17AF31D8B40D70095337F /* RegistrationEmailController.swift */; };
		CDF17AF71D8B40D70095337F /* RegistrationEmailView.swift in Sources */ = {isa = PBXBuildFile; fileRef = CDF17AF41D8B40D70095337F /* RegistrationEmailView.swift */; };
		CDF17AF81D8B40D70095337F /* RegistrationProfileView.swift in Sources */ = {isa = PBXBuildFile; fileRef = CDF17AF51D8B40D70095337F /* RegistrationProfileView.swift */; };
		FA1F00981C21C79B0003B09B /* AppDelegate.swift in Sources */ = {isa = PBXBuildFile; fileRef = FA1F00971C21C79B0003B09B /* AppDelegate.swift */; };
		FA1F009A1C21C79B0003B09B /* ViewController.swift in Sources */ = {isa = PBXBuildFile; fileRef = FA1F00991C21C79B0003B09B /* ViewController.swift */; };
		FA1F009D1C21C79B0003B09B /* Main.storyboard in Resources */ = {isa = PBXBuildFile; fileRef = FA1F009B1C21C79B0003B09B /* Main.storyboard */; };
		FA1F009F1C21C79B0003B09B /* Images.xcassets in Resources */ = {isa = PBXBuildFile; fileRef = FA1F009E1C21C79B0003B09B /* Images.xcassets */; };
		FA1F00A21C21C79B0003B09B /* LaunchScreen.xib in Resources */ = {isa = PBXBuildFile; fileRef = FA1F00A01C21C79B0003B09B /* LaunchScreen.xib */; };
		FA1F00AE1C21C79B0003B09B /* MealsOnWheelsTests.swift in Sources */ = {isa = PBXBuildFile; fileRef = FA1F00AD1C21C79B0003B09B /* MealsOnWheelsTests.swift */; };
		FA1F00BA1C24D1020003B09B /* MapTasks.swift in Sources */ = {isa = PBXBuildFile; fileRef = FA1F00B91C24D1020003B09B /* MapTasks.swift */; };
/* End PBXBuildFile section */

/* Begin PBXContainerItemProxy section */
		FA1F00A81C21C79B0003B09B /* PBXContainerItemProxy */ = {
			isa = PBXContainerItemProxy;
			containerPortal = FA1F008A1C21C79B0003B09B /* Project object */;
			proxyType = 1;
			remoteGlobalIDString = FA1F00911C21C79B0003B09B;
			remoteInfo = MealsOnWheels;
		};
/* End PBXContainerItemProxy section */

/* Begin PBXFileReference section */
		0852AB8AED781FAB5E705C51 /* Pods-MealsOnWheelsTests.release.xcconfig */ = {isa = PBXFileReference; includeInIndex = 1; lastKnownFileType = text.xcconfig; name = "Pods-MealsOnWheelsTests.release.xcconfig"; path = "Pods/Target Support Files/Pods-MealsOnWheelsTests/Pods-MealsOnWheelsTests.release.xcconfig"; sourceTree = "<group>"; };
		491061091C4C1E2400674084 /* AddressController.swift */ = {isa = PBXFileReference; fileEncoding = 4; lastKnownFileType = sourcecode.swift; path = AddressController.swift; sourceTree = "<group>"; };
		4942537E1CF20D4300512832 /* Place.swift */ = {isa = PBXFileReference; fileEncoding = 4; lastKnownFileType = sourcecode.swift; path = Place.swift; sourceTree = "<group>"; };
		4982493F1C4EE5B100EE7001 /* Step.swift */ = {isa = PBXFileReference; fileEncoding = 4; lastKnownFileType = sourcecode.swift; path = Step.swift; sourceTree = "<group>"; };
		49824A4F1C6D3A6200EE7001 /* RouteSpec.swift */ = {isa = PBXFileReference; fileEncoding = 4; lastKnownFileType = sourcecode.swift; path = RouteSpec.swift; sourceTree = "<group>"; };
		49824A511C6D3CE600EE7001 /* RouteViews.swift */ = {isa = PBXFileReference; fileEncoding = 4; lastKnownFileType = sourcecode.swift; path = RouteViews.swift; sourceTree = "<group>"; };
		4994ECA21D81E21F0095DB17 /* GoogleService-Info.plist */ = {isa = PBXFileReference; fileEncoding = 4; lastKnownFileType = text.plist.xml; name = "GoogleService-Info.plist"; path = "../GoogleService-Info.plist"; sourceTree = "<group>"; };
		49DF53131C72DC1B00B9C0A5 /* UIRouteViewCell.swift */ = {isa = PBXFileReference; fileEncoding = 4; lastKnownFileType = sourcecode.swift; path = UIRouteViewCell.swift; sourceTree = "<group>"; };
		49DF53151C74B4EC00B9C0A5 /* LoginController.swift */ = {isa = PBXFileReference; fileEncoding = 4; lastKnownFileType = sourcecode.swift; path = LoginController.swift; sourceTree = "<group>"; };
		49DF53171C74B55300B9C0A5 /* User.swift */ = {isa = PBXFileReference; fileEncoding = 4; lastKnownFileType = sourcecode.swift; path = User.swift; sourceTree = "<group>"; };
		49DF53191C7505CB00B9C0A5 /* Login.storyboard */ = {isa = PBXFileReference; fileEncoding = 4; lastKnownFileType = file.storyboard; path = Login.storyboard; sourceTree = "<group>"; };
		49DF531B1C7E2BD100B9C0A5 /* SignUpView.swift */ = {isa = PBXFileReference; fileEncoding = 4; lastKnownFileType = sourcecode.swift; path = SignUpView.swift; sourceTree = "<group>"; };
		49DF531D1C98AC6000B9C0A5 /* Waypoint.swift */ = {isa = PBXFileReference; fileEncoding = 4; lastKnownFileType = sourcecode.swift; path = Waypoint.swift; sourceTree = "<group>"; };
		49DF531F1C98FC6800B9C0A5 /* RouteDetails.swift */ = {isa = PBXFileReference; fileEncoding = 4; lastKnownFileType = sourcecode.swift; path = RouteDetails.swift; sourceTree = "<group>"; };
		49DF53211CA848DE00B9C0A5 /* WaypointViewCell.swift */ = {isa = PBXFileReference; fileEncoding = 4; lastKnownFileType = sourcecode.swift; path = WaypointViewCell.swift; sourceTree = "<group>"; };
		49DF53251CB0597D00B9C0A5 /* UserTableController.swift */ = {isa = PBXFileReference; fileEncoding = 4; lastKnownFileType = sourcecode.swift; path = UserTableController.swift; sourceTree = "<group>"; };
		49DF53271CB05B4500B9C0A5 /* UserCell.swift */ = {isa = PBXFileReference; fileEncoding = 4; lastKnownFileType = sourcecode.swift; path = UserCell.swift; sourceTree = "<group>"; };
		7F0267B42FF9B796E6D4F47D /* Pods-MealsOnWheels.release.xcconfig */ = {isa = PBXFileReference; includeInIndex = 1; lastKnownFileType = text.xcconfig; name = "Pods-MealsOnWheels.release.xcconfig"; path = "Pods/Target Support Files/Pods-MealsOnWheels/Pods-MealsOnWheels.release.xcconfig"; sourceTree = "<group>"; };
		81ED8DF94161BD2073BA7FF2 /* Pods-MealsOnWheelsTests.debug.xcconfig */ = {isa = PBXFileReference; includeInIndex = 1; lastKnownFileType = text.xcconfig; name = "Pods-MealsOnWheelsTests.debug.xcconfig"; path = "Pods/Target Support Files/Pods-MealsOnWheelsTests/Pods-MealsOnWheelsTests.debug.xcconfig"; sourceTree = "<group>"; };
		878CEDC71D8B09930026916B /* LoginView.swift */ = {isa = PBXFileReference; fileEncoding = 4; lastKnownFileType = sourcecode.swift; path = LoginView.swift; sourceTree = "<group>"; };
		878CEDCA1D8B0A800026916B /* MWConstants.swift */ = {isa = PBXFileReference; fileEncoding = 4; lastKnownFileType = sourcecode.swift; path = MWConstants.swift; sourceTree = "<group>"; };
		878CEDCC1D8B0B4D0026916B /* NSLayoutConstraint+Extensions.swift */ = {isa = PBXFileReference; fileEncoding = 4; lastKnownFileType = sourcecode.swift; path = "NSLayoutConstraint+Extensions.swift"; sourceTree = "<group>"; };
		878CEDCE1D8B0B780026916B /* UIColor+Extensions.swift */ = {isa = PBXFileReference; fileEncoding = 4; lastKnownFileType = sourcecode.swift; path = "UIColor+Extensions.swift"; sourceTree = "<group>"; };
		878CEDD01D8B0B940026916B /* UIView+Extensions.swift */ = {isa = PBXFileReference; fileEncoding = 4; lastKnownFileType = sourcecode.swift; path = "UIView+Extensions.swift"; sourceTree = "<group>"; };
		878CEDD21D8B0BB90026916B /* UILabel+Extensions.swift */ = {isa = PBXFileReference; fileEncoding = 4; lastKnownFileType = sourcecode.swift; path = "UILabel+Extensions.swift"; sourceTree = "<group>"; };
		87AE14AA1D9D7D0D0046B1C2 /* TitleViewController.swift */ = {isa = PBXFileReference; fileEncoding = 4; lastKnownFileType = sourcecode.swift; path = TitleViewController.swift; sourceTree = "<group>"; };
		87AE14AC1D9D7EFE0046B1C2 /* TitleViewButtonHub.swift */ = {isa = PBXFileReference; fileEncoding = 4; lastKnownFileType = sourcecode.swift; path = TitleViewButtonHub.swift; sourceTree = "<group>"; };
		87AE14AE1D9D845B0046B1C2 /* TitleView.swift */ = {isa = PBXFileReference; fileEncoding = 4; lastKnownFileType = sourcecode.swift; path = TitleView.swift; sourceTree = "<group>"; };
		BCCA057856D40A50A650A765 /* Pods-MealsOnWheels.debug.xcconfig */ = {isa = PBXFileReference; includeInIndex = 1; lastKnownFileType = text.xcconfig; name = "Pods-MealsOnWheels.debug.xcconfig"; path = "Pods/Target Support Files/Pods-MealsOnWheels/Pods-MealsOnWheels.debug.xcconfig"; sourceTree = "<group>"; };
		CD8B9C2B1D8B237E000370CF /* MainTabView.swift */ = {isa = PBXFileReference; fileEncoding = 4; lastKnownFileType = sourcecode.swift; path = MainTabView.swift; sourceTree = "<group>"; };
		CD8B9C2D1D8B25BA000370CF /* MainViewController.swift */ = {isa = PBXFileReference; fileEncoding = 4; lastKnownFileType = sourcecode.swift; path = MainViewController.swift; sourceTree = "<group>"; };
		CD8B9C2F1D8B2A97000370CF /* MainView.swift */ = {isa = PBXFileReference; fileEncoding = 4; lastKnownFileType = sourcecode.swift; path = MainView.swift; sourceTree = "<group>"; };
		CD8B9C311D8B2B3D000370CF /* CurrentRouteView.swift */ = {isa = PBXFileReference; fileEncoding = 4; lastKnownFileType = sourcecode.swift; path = CurrentRouteView.swift; sourceTree = "<group>"; };
		CDF17AF31D8B40D70095337F /* RegistrationEmailController.swift */ = {isa = PBXFileReference; fileEncoding = 4; lastKnownFileType = sourcecode.swift; path = RegistrationEmailController.swift; sourceTree = "<group>"; };
		CDF17AF41D8B40D70095337F /* RegistrationEmailView.swift */ = {isa = PBXFileReference; fileEncoding = 4; lastKnownFileType = sourcecode.swift; path = RegistrationEmailView.swift; sourceTree = "<group>"; };
		CDF17AF51D8B40D70095337F /* RegistrationProfileView.swift */ = {isa = PBXFileReference; fileEncoding = 4; lastKnownFileType = sourcecode.swift; path = RegistrationProfileView.swift; sourceTree = "<group>"; };
		D3E4093AC0FDF52065190BE2 /* Pods_MealsOnWheelsTests.framework */ = {isa = PBXFileReference; explicitFileType = wrapper.framework; includeInIndex = 0; path = Pods_MealsOnWheelsTests.framework; sourceTree = BUILT_PRODUCTS_DIR; };
		D85DA5F5A60EA2ABC1F2D32E /* Pods_MealsOnWheels.framework */ = {isa = PBXFileReference; explicitFileType = wrapper.framework; includeInIndex = 0; path = Pods_MealsOnWheels.framework; sourceTree = BUILT_PRODUCTS_DIR; };
		FA1F00921C21C79B0003B09B /* MealsOnWheels.app */ = {isa = PBXFileReference; explicitFileType = wrapper.application; includeInIndex = 0; path = MealsOnWheels.app; sourceTree = BUILT_PRODUCTS_DIR; };
		FA1F00961C21C79B0003B09B /* Info.plist */ = {isa = PBXFileReference; lastKnownFileType = text.plist.xml; path = Info.plist; sourceTree = "<group>"; };
		FA1F00971C21C79B0003B09B /* AppDelegate.swift */ = {isa = PBXFileReference; lastKnownFileType = sourcecode.swift; path = AppDelegate.swift; sourceTree = "<group>"; };
		FA1F00991C21C79B0003B09B /* ViewController.swift */ = {isa = PBXFileReference; lastKnownFileType = sourcecode.swift; path = ViewController.swift; sourceTree = "<group>"; };
		FA1F009C1C21C79B0003B09B /* Base */ = {isa = PBXFileReference; lastKnownFileType = file.storyboard; name = Base; path = Base.lproj/Main.storyboard; sourceTree = "<group>"; };
		FA1F009E1C21C79B0003B09B /* Images.xcassets */ = {isa = PBXFileReference; lastKnownFileType = folder.assetcatalog; path = Images.xcassets; sourceTree = "<group>"; };
		FA1F00A11C21C79B0003B09B /* Base */ = {isa = PBXFileReference; lastKnownFileType = file.xib; name = Base; path = Base.lproj/LaunchScreen.xib; sourceTree = "<group>"; };
		FA1F00A71C21C79B0003B09B /* MealsOnWheelsTests.xctest */ = {isa = PBXFileReference; explicitFileType = wrapper.cfbundle; includeInIndex = 0; path = MealsOnWheelsTests.xctest; sourceTree = BUILT_PRODUCTS_DIR; };
		FA1F00AC1C21C79B0003B09B /* Info.plist */ = {isa = PBXFileReference; lastKnownFileType = text.plist.xml; path = Info.plist; sourceTree = "<group>"; };
		FA1F00AD1C21C79B0003B09B /* MealsOnWheelsTests.swift */ = {isa = PBXFileReference; lastKnownFileType = sourcecode.swift; path = MealsOnWheelsTests.swift; sourceTree = "<group>"; };
		FA1F00B91C24D1020003B09B /* MapTasks.swift */ = {isa = PBXFileReference; fileEncoding = 4; lastKnownFileType = sourcecode.swift; path = MapTasks.swift; sourceTree = "<group>"; };
/* End PBXFileReference section */

/* Begin PBXFrameworksBuildPhase section */
		FA1F008F1C21C79B0003B09B /* Frameworks */ = {
			isa = PBXFrameworksBuildPhase;
			buildActionMask = 2147483647;
			files = (
				B4B4E066411856D054A208E0 /* Pods_MealsOnWheels.framework in Frameworks */,
			);
			runOnlyForDeploymentPostprocessing = 0;
		};
		FA1F00A41C21C79B0003B09B /* Frameworks */ = {
			isa = PBXFrameworksBuildPhase;
			buildActionMask = 2147483647;
			files = (
				AAC86B7EDDF4A9D2F75BDC79 /* Pods_MealsOnWheelsTests.framework in Frameworks */,
			);
			runOnlyForDeploymentPostprocessing = 0;
		};
/* End PBXFrameworksBuildPhase section */

/* Begin PBXGroup section */
		04418FC28634CDA30D806AA4 /* Pods */ = {
			isa = PBXGroup;
			children = (
				BCCA057856D40A50A650A765 /* Pods-MealsOnWheels.debug.xcconfig */,
				7F0267B42FF9B796E6D4F47D /* Pods-MealsOnWheels.release.xcconfig */,
				81ED8DF94161BD2073BA7FF2 /* Pods-MealsOnWheelsTests.debug.xcconfig */,
				0852AB8AED781FAB5E705C51 /* Pods-MealsOnWheelsTests.release.xcconfig */,
			);
			name = Pods;
			sourceTree = "<group>";
		};
		49824A531C6D3EB300EE7001 /* Views */ = {
			isa = PBXGroup;
			children = (
				87AE14AE1D9D845B0046B1C2 /* TitleView.swift */,
				87AE14AC1D9D7EFE0046B1C2 /* TitleViewButtonHub.swift */,
				CDF17AF31D8B40D70095337F /* RegistrationEmailController.swift */,
				CDF17AF41D8B40D70095337F /* RegistrationEmailView.swift */,
				CDF17AF51D8B40D70095337F /* RegistrationProfileView.swift */,
				CD8B9C2F1D8B2A97000370CF /* MainView.swift */,
				CD8B9C311D8B2B3D000370CF /* CurrentRouteView.swift */,
				CD8B9C2B1D8B237E000370CF /* MainTabView.swift */,
				878CEDC71D8B09930026916B /* LoginView.swift */,
				491061091C4C1E2400674084 /* AddressController.swift */,
				49824A511C6D3CE600EE7001 /* RouteViews.swift */,
				FA1F00991C21C79B0003B09B /* ViewController.swift */,
				49DF53131C72DC1B00B9C0A5 /* UIRouteViewCell.swift */,
				49DF531B1C7E2BD100B9C0A5 /* SignUpView.swift */,
				49DF531F1C98FC6800B9C0A5 /* RouteDetails.swift */,
				49DF53211CA848DE00B9C0A5 /* WaypointViewCell.swift */,
				49DF53251CB0597D00B9C0A5 /* UserTableController.swift */,
				49DF53271CB05B4500B9C0A5 /* UserCell.swift */,
			);
			name = Views;
			sourceTree = "<group>";
		};
		726AA969C925919788C8E32E /* Frameworks */ = {
			isa = PBXGroup;
			children = (
				D85DA5F5A60EA2ABC1F2D32E /* Pods_MealsOnWheels.framework */,
				D3E4093AC0FDF52065190BE2 /* Pods_MealsOnWheelsTests.framework */,
			);
			name = Frameworks;
			sourceTree = "<group>";
		};
		878CEDC61D8B08A70026916B /* ViewControllers */ = {
			isa = PBXGroup;
			children = (
				49DF53151C74B4EC00B9C0A5 /* LoginController.swift */,
				CD8B9C2D1D8B25BA000370CF /* MainViewController.swift */,
				87AE14AA1D9D7D0D0046B1C2 /* TitleViewController.swift */,
			);
			name = ViewControllers;
			sourceTree = "<group>";
		};
		878CEDC91D8B0A640026916B /* Constants+Extensions */ = {
			isa = PBXGroup;
			children = (
				878CEDCC1D8B0B4D0026916B /* NSLayoutConstraint+Extensions.swift */,
				878CEDCE1D8B0B780026916B /* UIColor+Extensions.swift */,
				878CEDD01D8B0B940026916B /* UIView+Extensions.swift */,
				878CEDD21D8B0BB90026916B /* UILabel+Extensions.swift */,
				878CEDCA1D8B0A800026916B /* MWConstants.swift */,
			);
			name = "Constants+Extensions";
			sourceTree = "<group>";
		};
		FA1F00891C21C79B0003B09B = {
			isa = PBXGroup;
			children = (
				FA1F00941C21C79B0003B09B /* MealsOnWheels */,
				FA1F00AA1C21C79B0003B09B /* MealsOnWheelsTests */,
				FA1F00931C21C79B0003B09B /* Products */,
				04418FC28634CDA30D806AA4 /* Pods */,
				726AA969C925919788C8E32E /* Frameworks */,
			);
			sourceTree = "<group>";
		};
		FA1F00931C21C79B0003B09B /* Products */ = {
			isa = PBXGroup;
			children = (
				FA1F00921C21C79B0003B09B /* MealsOnWheels.app */,
				FA1F00A71C21C79B0003B09B /* MealsOnWheelsTests.xctest */,
			);
			name = Products;
			sourceTree = "<group>";
		};
		FA1F00941C21C79B0003B09B /* MealsOnWheels */ = {
			isa = PBXGroup;
			children = (
				878CEDC91D8B0A640026916B /* Constants+Extensions */,
				878CEDC61D8B08A70026916B /* ViewControllers */,
				49824A531C6D3EB300EE7001 /* Views */,
				49824A4F1C6D3A6200EE7001 /* RouteSpec.swift */,
				4982493F1C4EE5B100EE7001 /* Step.swift */,
				49DF531D1C98AC6000B9C0A5 /* Waypoint.swift */,
				FA1F00B91C24D1020003B09B /* MapTasks.swift */,
				4942537E1CF20D4300512832 /* Place.swift */,
				FA1F00971C21C79B0003B09B /* AppDelegate.swift */,
				49DF53171C74B55300B9C0A5 /* User.swift */,
				FA1F009B1C21C79B0003B09B /* Main.storyboard */,
				49DF53191C7505CB00B9C0A5 /* Login.storyboard */,
				FA1F009E1C21C79B0003B09B /* Images.xcassets */,
				FA1F00A01C21C79B0003B09B /* LaunchScreen.xib */,
				FA1F00951C21C79B0003B09B /* Supporting Files */,
			);
			path = MealsOnWheels;
			sourceTree = "<group>";
		};
		FA1F00951C21C79B0003B09B /* Supporting Files */ = {
			isa = PBXGroup;
			children = (
				FA1F00961C21C79B0003B09B /* Info.plist */,
				4994ECA21D81E21F0095DB17 /* GoogleService-Info.plist */,
			);
			name = "Supporting Files";
			sourceTree = "<group>";
		};
		FA1F00AA1C21C79B0003B09B /* MealsOnWheelsTests */ = {
			isa = PBXGroup;
			children = (
				FA1F00AD1C21C79B0003B09B /* MealsOnWheelsTests.swift */,
				FA1F00AB1C21C79B0003B09B /* Supporting Files */,
			);
			path = MealsOnWheelsTests;
			sourceTree = "<group>";
		};
		FA1F00AB1C21C79B0003B09B /* Supporting Files */ = {
			isa = PBXGroup;
			children = (
				FA1F00AC1C21C79B0003B09B /* Info.plist */,
			);
			name = "Supporting Files";
			sourceTree = "<group>";
		};
/* End PBXGroup section */

/* Begin PBXNativeTarget section */
		FA1F00911C21C79B0003B09B /* MealsOnWheels */ = {
			isa = PBXNativeTarget;
			buildConfigurationList = FA1F00B11C21C79B0003B09B /* Build configuration list for PBXNativeTarget "MealsOnWheels" */;
			buildPhases = (
				8456B558586D73AACD9A3847 /* [CP] Check Pods Manifest.lock */,
				E0E055304A18026808CB8E84 /* [CP] Check Pods Manifest.lock */,
				6452F045E5AF23C036DF7D96 /* [CP] Check Pods Manifest.lock */,
				FA1F008E1C21C79B0003B09B /* Sources */,
				FA1F008F1C21C79B0003B09B /* Frameworks */,
				FA1F00901C21C79B0003B09B /* Resources */,
				9BBD7AB02008C8AC45A803E1 /* [CP] Embed Pods Frameworks */,
				A79AC557639CBCC1422C216E /* [CP] Copy Pods Resources */,
				FD6A7B2EF81D01026BDC2447 /* 📦 Embed Pods Frameworks */,
				BCE210AA0A7C0907DA2A8590 /* 📦 Copy Pods Resources */,
			);
			buildRules = (
			);
			dependencies = (
			);
			name = MealsOnWheels;
			productName = MealsOnWheels;
			productReference = FA1F00921C21C79B0003B09B /* MealsOnWheels.app */;
			productType = "com.apple.product-type.application";
		};
		FA1F00A61C21C79B0003B09B /* MealsOnWheelsTests */ = {
			isa = PBXNativeTarget;
			buildConfigurationList = FA1F00B41C21C79B0003B09B /* Build configuration list for PBXNativeTarget "MealsOnWheelsTests" */;
			buildPhases = (
				FD96808394CEEA0F6C5645C2 /* [CP] Check Pods Manifest.lock */,
				8FA6C1E0DF390E9099DD54BC /* [CP] Check Pods Manifest.lock */,
				5B20DC40EBBD3216B172FBAB /* [CP] Check Pods Manifest.lock */,
				FA1F00A31C21C79B0003B09B /* Sources */,
				FA1F00A41C21C79B0003B09B /* Frameworks */,
				FA1F00A51C21C79B0003B09B /* Resources */,
				679B20EBA7ADA3B9AD913731 /* [CP] Embed Pods Frameworks */,
				7C395FA03B8B93126F6DCB37 /* [CP] Copy Pods Resources */,
				1E8458D2FA7682852CEC8396 /* 📦 Embed Pods Frameworks */,
				EE6C7BDCE92AD96E33D30444 /* 📦 Copy Pods Resources */,
			);
			buildRules = (
			);
			dependencies = (
				FA1F00A91C21C79B0003B09B /* PBXTargetDependency */,
			);
			name = MealsOnWheelsTests;
			productName = MealsOnWheelsTests;
			productReference = FA1F00A71C21C79B0003B09B /* MealsOnWheelsTests.xctest */;
			productType = "com.apple.product-type.bundle.unit-test";
		};
/* End PBXNativeTarget section */

/* Begin PBXProject section */
		FA1F008A1C21C79B0003B09B /* Project object */ = {
			isa = PBXProject;
			attributes = {
				LastSwiftUpdateCheck = 0720;
				LastUpgradeCheck = 0800;
				ORGANIZATIONNAME = Akhilesh;
				TargetAttributes = {
					FA1F00911C21C79B0003B09B = {
						CreatedOnToolsVersion = 6.4;
						DevelopmentTeam = 5UY7FM3CQ5;
						LastSwiftMigration = 0800;
					};
					FA1F00A61C21C79B0003B09B = {
						CreatedOnToolsVersion = 6.4;
						LastSwiftMigration = 0800;
						TestTargetID = FA1F00911C21C79B0003B09B;
					};
				};
			};
			buildConfigurationList = FA1F008D1C21C79B0003B09B /* Build configuration list for PBXProject "MealsOnWheels" */;
			compatibilityVersion = "Xcode 3.2";
			developmentRegion = English;
			hasScannedForEncodings = 0;
			knownRegions = (
				en,
				Base,
			);
			mainGroup = FA1F00891C21C79B0003B09B;
			productRefGroup = FA1F00931C21C79B0003B09B /* Products */;
			projectDirPath = "";
			projectRoot = "";
			targets = (
				FA1F00911C21C79B0003B09B /* MealsOnWheels */,
				FA1F00A61C21C79B0003B09B /* MealsOnWheelsTests */,
			);
		};
/* End PBXProject section */

/* Begin PBXResourcesBuildPhase section */
		FA1F00901C21C79B0003B09B /* Resources */ = {
			isa = PBXResourcesBuildPhase;
			buildActionMask = 2147483647;
			files = (
				49DF531A1C7505CB00B9C0A5 /* Login.storyboard in Resources */,
				FA1F009D1C21C79B0003B09B /* Main.storyboard in Resources */,
				4994ECA31D81E21F0095DB17 /* GoogleService-Info.plist in Resources */,
				FA1F00A21C21C79B0003B09B /* LaunchScreen.xib in Resources */,
				FA1F009F1C21C79B0003B09B /* Images.xcassets in Resources */,
			);
			runOnlyForDeploymentPostprocessing = 0;
		};
		FA1F00A51C21C79B0003B09B /* Resources */ = {
			isa = PBXResourcesBuildPhase;
			buildActionMask = 2147483647;
			files = (
			);
			runOnlyForDeploymentPostprocessing = 0;
		};
/* End PBXResourcesBuildPhase section */

/* Begin PBXShellScriptBuildPhase section */
		1E8458D2FA7682852CEC8396 /* 📦 Embed Pods Frameworks */ = {
			isa = PBXShellScriptBuildPhase;
			buildActionMask = 2147483647;
			files = (
			);
			inputPaths = (
			);
			name = "📦 Embed Pods Frameworks";
			outputPaths = (
			);
			runOnlyForDeploymentPostprocessing = 0;
			shellPath = /bin/sh;
			shellScript = "\"${SRCROOT}/Pods/Target Support Files/Pods-MealsOnWheelsTests/Pods-MealsOnWheelsTests-frameworks.sh\"\n";
			showEnvVarsInLog = 0;
		};
		5B20DC40EBBD3216B172FBAB /* [CP] Check Pods Manifest.lock */ = {
			isa = PBXShellScriptBuildPhase;
			buildActionMask = 2147483647;
			files = (
			);
			inputPaths = (
			);
			name = "[CP] Check Pods Manifest.lock";
			outputPaths = (
			);
			runOnlyForDeploymentPostprocessing = 0;
			shellPath = /bin/sh;
			shellScript = "diff \"${PODS_ROOT}/../Podfile.lock\" \"${PODS_ROOT}/Manifest.lock\" > /dev/null\nif [[ $? != 0 ]] ; then\n    cat << EOM\nerror: The sandbox is not in sync with the Podfile.lock. Run 'pod install' or update your CocoaPods installation.\nEOM\n    exit 1\nfi\n";
			showEnvVarsInLog = 0;
		};
		6452F045E5AF23C036DF7D96 /* [CP] Check Pods Manifest.lock */ = {
			isa = PBXShellScriptBuildPhase;
			buildActionMask = 2147483647;
			files = (
			);
			inputPaths = (
			);
			name = "[CP] Check Pods Manifest.lock";
			outputPaths = (
			);
			runOnlyForDeploymentPostprocessing = 0;
			shellPath = /bin/sh;
			shellScript = "diff \"${PODS_ROOT}/../Podfile.lock\" \"${PODS_ROOT}/Manifest.lock\" > /dev/null\nif [[ $? != 0 ]] ; then\n    cat << EOM\nerror: The sandbox is not in sync with the Podfile.lock. Run 'pod install' or update your CocoaPods installation.\nEOM\n    exit 1\nfi\n";
			showEnvVarsInLog = 0;
		};
		679B20EBA7ADA3B9AD913731 /* [CP] Embed Pods Frameworks */ = {
			isa = PBXShellScriptBuildPhase;
			buildActionMask = 2147483647;
			files = (
			);
			inputPaths = (
			);
			name = "[CP] Embed Pods Frameworks";
			outputPaths = (
			);
			runOnlyForDeploymentPostprocessing = 0;
			shellPath = /bin/sh;
			shellScript = "\"${SRCROOT}/Pods/Target Support Files/Pods-MealsOnWheelsTests/Pods-MealsOnWheelsTests-frameworks.sh\"\n";
			showEnvVarsInLog = 0;
		};
		7C395FA03B8B93126F6DCB37 /* [CP] Copy Pods Resources */ = {
			isa = PBXShellScriptBuildPhase;
			buildActionMask = 2147483647;
			files = (
			);
			inputPaths = (
			);
			name = "[CP] Copy Pods Resources";
			outputPaths = (
			);
			runOnlyForDeploymentPostprocessing = 0;
			shellPath = /bin/sh;
			shellScript = "\"${SRCROOT}/Pods/Target Support Files/Pods-MealsOnWheelsTests/Pods-MealsOnWheelsTests-resources.sh\"\n";
			showEnvVarsInLog = 0;
		};
		8456B558586D73AACD9A3847 /* [CP] Check Pods Manifest.lock */ = {
			isa = PBXShellScriptBuildPhase;
			buildActionMask = 2147483647;
			files = (
			);
			inputPaths = (
			);
			name = "[CP] Check Pods Manifest.lock";
			outputPaths = (
			);
			runOnlyForDeploymentPostprocessing = 0;
			shellPath = /bin/sh;
			shellScript = "diff \"${PODS_ROOT}/../Podfile.lock\" \"${PODS_ROOT}/Manifest.lock\" > /dev/null\nif [[ $? != 0 ]] ; then\n    cat << EOM\nerror: The sandbox is not in sync with the Podfile.lock. Run 'pod install' or update your CocoaPods installation.\nEOM\n    exit 1\nfi\n";
			showEnvVarsInLog = 0;
		};
		8FA6C1E0DF390E9099DD54BC /* [CP] Check Pods Manifest.lock */ = {
			isa = PBXShellScriptBuildPhase;
			buildActionMask = 2147483647;
			files = (
			);
			inputPaths = (
			);
			name = "[CP] Check Pods Manifest.lock";
			outputPaths = (
			);
			runOnlyForDeploymentPostprocessing = 0;
			shellPath = /bin/sh;
			shellScript = "diff \"${PODS_ROOT}/../Podfile.lock\" \"${PODS_ROOT}/Manifest.lock\" > /dev/null\nif [[ $? != 0 ]] ; then\n    cat << EOM\nerror: The sandbox is not in sync with the Podfile.lock. Run 'pod install' or update your CocoaPods installation.\nEOM\n    exit 1\nfi\n";
			showEnvVarsInLog = 0;
		};
		9BBD7AB02008C8AC45A803E1 /* [CP] Embed Pods Frameworks */ = {
			isa = PBXShellScriptBuildPhase;
			buildActionMask = 2147483647;
			files = (
			);
			inputPaths = (
			);
			name = "[CP] Embed Pods Frameworks";
			outputPaths = (
			);
			runOnlyForDeploymentPostprocessing = 0;
			shellPath = /bin/sh;
			shellScript = "\"${SRCROOT}/Pods/Target Support Files/Pods-MealsOnWheels/Pods-MealsOnWheels-frameworks.sh\"\n";
			showEnvVarsInLog = 0;
		};
		A79AC557639CBCC1422C216E /* [CP] Copy Pods Resources */ = {
			isa = PBXShellScriptBuildPhase;
			buildActionMask = 2147483647;
			files = (
			);
			inputPaths = (
			);
			name = "[CP] Copy Pods Resources";
			outputPaths = (
			);
			runOnlyForDeploymentPostprocessing = 0;
			shellPath = /bin/sh;
			shellScript = "\"${SRCROOT}/Pods/Target Support Files/Pods-MealsOnWheels/Pods-MealsOnWheels-resources.sh\"\n";
			showEnvVarsInLog = 0;
		};
		BCE210AA0A7C0907DA2A8590 /* 📦 Copy Pods Resources */ = {
			isa = PBXShellScriptBuildPhase;
			buildActionMask = 2147483647;
			files = (
			);
			inputPaths = (
			);
			name = "📦 Copy Pods Resources";
			outputPaths = (
			);
			runOnlyForDeploymentPostprocessing = 0;
			shellPath = /bin/sh;
			shellScript = "\"${SRCROOT}/Pods/Target Support Files/Pods-MealsOnWheels/Pods-MealsOnWheels-resources.sh\"\n";
			showEnvVarsInLog = 0;
		};
		E0E055304A18026808CB8E84 /* [CP] Check Pods Manifest.lock */ = {
			isa = PBXShellScriptBuildPhase;
			buildActionMask = 2147483647;
			files = (
			);
			inputPaths = (
			);
			name = "[CP] Check Pods Manifest.lock";
			outputPaths = (
			);
			runOnlyForDeploymentPostprocessing = 0;
			shellPath = /bin/sh;
			shellScript = "diff \"${PODS_ROOT}/../Podfile.lock\" \"${PODS_ROOT}/Manifest.lock\" > /dev/null\nif [[ $? != 0 ]] ; then\n    cat << EOM\nerror: The sandbox is not in sync with the Podfile.lock. Run 'pod install' or update your CocoaPods installation.\nEOM\n    exit 1\nfi\n";
			showEnvVarsInLog = 0;
		};
		EE6C7BDCE92AD96E33D30444 /* 📦 Copy Pods Resources */ = {
			isa = PBXShellScriptBuildPhase;
			buildActionMask = 2147483647;
			files = (
			);
			inputPaths = (
			);
			name = "📦 Copy Pods Resources";
			outputPaths = (
			);
			runOnlyForDeploymentPostprocessing = 0;
			shellPath = /bin/sh;
			shellScript = "\"${SRCROOT}/Pods/Target Support Files/Pods-MealsOnWheelsTests/Pods-MealsOnWheelsTests-resources.sh\"\n";
			showEnvVarsInLog = 0;
		};
		FD6A7B2EF81D01026BDC2447 /* 📦 Embed Pods Frameworks */ = {
			isa = PBXShellScriptBuildPhase;
			buildActionMask = 2147483647;
			files = (
			);
			inputPaths = (
			);
			name = "📦 Embed Pods Frameworks";
			outputPaths = (
			);
			runOnlyForDeploymentPostprocessing = 0;
			shellPath = /bin/sh;
			shellScript = "\"${SRCROOT}/Pods/Target Support Files/Pods-MealsOnWheels/Pods-MealsOnWheels-frameworks.sh\"\n";
			showEnvVarsInLog = 0;
		};
		FD96808394CEEA0F6C5645C2 /* [CP] Check Pods Manifest.lock */ = {
			isa = PBXShellScriptBuildPhase;
			buildActionMask = 2147483647;
			files = (
			);
			inputPaths = (
			);
			name = "[CP] Check Pods Manifest.lock";
			outputPaths = (
			);
			runOnlyForDeploymentPostprocessing = 0;
			shellPath = /bin/sh;
			shellScript = "diff \"${PODS_ROOT}/../Podfile.lock\" \"${PODS_ROOT}/Manifest.lock\" > /dev/null\nif [[ $? != 0 ]] ; then\n    cat << EOM\nerror: The sandbox is not in sync with the Podfile.lock. Run 'pod install' or update your CocoaPods installation.\nEOM\n    exit 1\nfi\n";
			showEnvVarsInLog = 0;
		};
/* End PBXShellScriptBuildPhase section */

/* Begin PBXSourcesBuildPhase section */
		FA1F008E1C21C79B0003B09B /* Sources */ = {
			isa = PBXSourcesBuildPhase;
			buildActionMask = 2147483647;
			files = (
				CD8B9C321D8B2B3D000370CF /* CurrentRouteView.swift in Sources */,
				878CEDCB1D8B0A800026916B /* MWConstants.swift in Sources */,
				87AE14AB1D9D7D0D0046B1C2 /* TitleViewController.swift in Sources */,
				CD8B9C301D8B2A97000370CF /* MainView.swift in Sources */,
				CD8B9C2C1D8B237E000370CF /* MainTabView.swift in Sources */,
				4910610A1C4C1E2400674084 /* AddressController.swift in Sources */,
				878CEDD31D8B0BB90026916B /* UILabel+Extensions.swift in Sources */,
				FA1F00BA1C24D1020003B09B /* MapTasks.swift in Sources */,
				87AE14AF1D9D845B0046B1C2 /* TitleView.swift in Sources */,
				49DF53201C98FC6800B9C0A5 /* RouteDetails.swift in Sources */,
				878CEDCF1D8B0B780026916B /* UIColor+Extensions.swift in Sources */,
				CDF17AF61D8B40D70095337F /* RegistrationEmailController.swift in Sources */,
				87AE14AD1D9D7EFE0046B1C2 /* TitleViewButtonHub.swift in Sources */,
				CDF17AF71D8B40D70095337F /* RegistrationEmailView.swift in Sources */,
				49DF53261CB0597D00B9C0A5 /* UserTableController.swift in Sources */,
				49DF53161C74B4EC00B9C0A5 /* LoginController.swift in Sources */,
				49824A521C6D3CE600EE7001 /* RouteViews.swift in Sources */,
				498249401C4EE5B100EE7001 /* Step.swift in Sources */,
				FA1F009A1C21C79B0003B09B /* ViewController.swift in Sources */,
				878CEDD11D8B0B940026916B /* UIView+Extensions.swift in Sources */,
				49DF53281CB05B4500B9C0A5 /* UserCell.swift in Sources */,
				CD8B9C2E1D8B25BA000370CF /* MainViewController.swift in Sources */,
				4942537F1CF20D4300512832 /* Place.swift in Sources */,
				49824A501C6D3A6200EE7001 /* RouteSpec.swift in Sources */,
				49DF531C1C7E2BD100B9C0A5 /* SignUpView.swift in Sources */,
				878CEDCD1D8B0B4D0026916B /* NSLayoutConstraint+Extensions.swift in Sources */,
				878CEDC81D8B09930026916B /* LoginView.swift in Sources */,
				49DF531E1C98AC6000B9C0A5 /* Waypoint.swift in Sources */,
				49DF53181C74B55300B9C0A5 /* User.swift in Sources */,
				49DF53221CA848DE00B9C0A5 /* WaypointViewCell.swift in Sources */,
				49DF53141C72DC1B00B9C0A5 /* UIRouteViewCell.swift in Sources */,
				FA1F00981C21C79B0003B09B /* AppDelegate.swift in Sources */,
				CDF17AF81D8B40D70095337F /* RegistrationProfileView.swift in Sources */,
			);
			runOnlyForDeploymentPostprocessing = 0;
		};
		FA1F00A31C21C79B0003B09B /* Sources */ = {
			isa = PBXSourcesBuildPhase;
			buildActionMask = 2147483647;
			files = (
				FA1F00AE1C21C79B0003B09B /* MealsOnWheelsTests.swift in Sources */,
			);
			runOnlyForDeploymentPostprocessing = 0;
		};
/* End PBXSourcesBuildPhase section */

/* Begin PBXTargetDependency section */
		FA1F00A91C21C79B0003B09B /* PBXTargetDependency */ = {
			isa = PBXTargetDependency;
			target = FA1F00911C21C79B0003B09B /* MealsOnWheels */;
			targetProxy = FA1F00A81C21C79B0003B09B /* PBXContainerItemProxy */;
		};
/* End PBXTargetDependency section */

/* Begin PBXVariantGroup section */
		FA1F009B1C21C79B0003B09B /* Main.storyboard */ = {
			isa = PBXVariantGroup;
			children = (
				FA1F009C1C21C79B0003B09B /* Base */,
			);
			name = Main.storyboard;
			sourceTree = "<group>";
		};
		FA1F00A01C21C79B0003B09B /* LaunchScreen.xib */ = {
			isa = PBXVariantGroup;
			children = (
				FA1F00A11C21C79B0003B09B /* Base */,
			);
			name = LaunchScreen.xib;
			sourceTree = "<group>";
		};
/* End PBXVariantGroup section */

/* Begin XCBuildConfiguration section */
		FA1F00AF1C21C79B0003B09B /* Debug */ = {
			isa = XCBuildConfiguration;
			buildSettings = {
				ALWAYS_SEARCH_USER_PATHS = NO;
				CLANG_CXX_LANGUAGE_STANDARD = "gnu++0x";
				CLANG_CXX_LIBRARY = "libc++";
				CLANG_ENABLE_MODULES = YES;
				CLANG_ENABLE_OBJC_ARC = YES;
				CLANG_WARN_BOOL_CONVERSION = YES;
				CLANG_WARN_CONSTANT_CONVERSION = YES;
				CLANG_WARN_DIRECT_OBJC_ISA_USAGE = YES_ERROR;
				CLANG_WARN_EMPTY_BODY = YES;
				CLANG_WARN_ENUM_CONVERSION = YES;
				CLANG_WARN_INFINITE_RECURSION = YES;
				CLANG_WARN_INT_CONVERSION = YES;
				CLANG_WARN_OBJC_ROOT_CLASS = YES_ERROR;
				CLANG_WARN_SUSPICIOUS_MOVE = YES;
				CLANG_WARN_UNREACHABLE_CODE = YES;
				CLANG_WARN__DUPLICATE_METHOD_MATCH = YES;
				"CODE_SIGN_IDENTITY[sdk=iphoneos*]" = "iPhone Developer";
				COPY_PHASE_STRIP = NO;
				DEBUG_INFORMATION_FORMAT = "dwarf-with-dsym";
				ENABLE_STRICT_OBJC_MSGSEND = YES;
				ENABLE_TESTABILITY = YES;
				GCC_C_LANGUAGE_STANDARD = gnu99;
				GCC_DYNAMIC_NO_PIC = NO;
				GCC_NO_COMMON_BLOCKS = YES;
				GCC_OPTIMIZATION_LEVEL = 0;
				GCC_PREPROCESSOR_DEFINITIONS = (
					"DEBUG=1",
					"$(inherited)",
				);
				GCC_SYMBOLS_PRIVATE_EXTERN = NO;
				GCC_WARN_64_TO_32_BIT_CONVERSION = YES;
				GCC_WARN_ABOUT_RETURN_TYPE = YES_ERROR;
				GCC_WARN_UNDECLARED_SELECTOR = YES;
				GCC_WARN_UNINITIALIZED_AUTOS = YES_AGGRESSIVE;
				GCC_WARN_UNUSED_FUNCTION = YES;
				GCC_WARN_UNUSED_VARIABLE = YES;
				IPHONEOS_DEPLOYMENT_TARGET = 8.4;
				MTL_ENABLE_DEBUG_INFO = YES;
				ONLY_ACTIVE_ARCH = YES;
				SDKROOT = iphoneos;
				SWIFT_OPTIMIZATION_LEVEL = "-Onone";
			};
			name = Debug;
		};
		FA1F00B01C21C79B0003B09B /* Release */ = {
			isa = XCBuildConfiguration;
			buildSettings = {
				ALWAYS_SEARCH_USER_PATHS = NO;
				CLANG_CXX_LANGUAGE_STANDARD = "gnu++0x";
				CLANG_CXX_LIBRARY = "libc++";
				CLANG_ENABLE_MODULES = YES;
				CLANG_ENABLE_OBJC_ARC = YES;
				CLANG_WARN_BOOL_CONVERSION = YES;
				CLANG_WARN_CONSTANT_CONVERSION = YES;
				CLANG_WARN_DIRECT_OBJC_ISA_USAGE = YES_ERROR;
				CLANG_WARN_EMPTY_BODY = YES;
				CLANG_WARN_ENUM_CONVERSION = YES;
				CLANG_WARN_INFINITE_RECURSION = YES;
				CLANG_WARN_INT_CONVERSION = YES;
				CLANG_WARN_OBJC_ROOT_CLASS = YES_ERROR;
				CLANG_WARN_SUSPICIOUS_MOVE = YES;
				CLANG_WARN_UNREACHABLE_CODE = YES;
				CLANG_WARN__DUPLICATE_METHOD_MATCH = YES;
				"CODE_SIGN_IDENTITY[sdk=iphoneos*]" = "iPhone Developer";
				COPY_PHASE_STRIP = NO;
				DEBUG_INFORMATION_FORMAT = "dwarf-with-dsym";
				ENABLE_NS_ASSERTIONS = NO;
				ENABLE_STRICT_OBJC_MSGSEND = YES;
				GCC_C_LANGUAGE_STANDARD = gnu99;
				GCC_NO_COMMON_BLOCKS = YES;
				GCC_WARN_64_TO_32_BIT_CONVERSION = YES;
				GCC_WARN_ABOUT_RETURN_TYPE = YES_ERROR;
				GCC_WARN_UNDECLARED_SELECTOR = YES;
				GCC_WARN_UNINITIALIZED_AUTOS = YES_AGGRESSIVE;
				GCC_WARN_UNUSED_FUNCTION = YES;
				GCC_WARN_UNUSED_VARIABLE = YES;
				IPHONEOS_DEPLOYMENT_TARGET = 8.4;
				MTL_ENABLE_DEBUG_INFO = NO;
				SDKROOT = iphoneos;
				SWIFT_OPTIMIZATION_LEVEL = "-Owholemodule";
				VALIDATE_PRODUCT = YES;
			};
			name = Release;
		};
		FA1F00B21C21C79B0003B09B /* Debug */ = {
			isa = XCBuildConfiguration;
			baseConfigurationReference = BCCA057856D40A50A650A765 /* Pods-MealsOnWheels.debug.xcconfig */;
			buildSettings = {
				ALWAYS_EMBED_SWIFT_STANDARD_LIBRARIES = YES;
				ASSETCATALOG_COMPILER_APPICON_NAME = AppIcon;
				CODE_SIGN_IDENTITY = "iPhone Developer";
				"CODE_SIGN_IDENTITY[sdk=iphoneos*]" = "iPhone Developer";
				INFOPLIST_FILE = MealsOnWheels/Info.plist;
				IPHONEOS_DEPLOYMENT_TARGET = 10.0;
				LD_RUNPATH_SEARCH_PATHS = "$(inherited) @executable_path/Frameworks";
				PRODUCT_BUNDLE_IDENTIFIER = "com.Akhilesh.$(PRODUCT_NAME:rfc1034identifier)";
				PRODUCT_NAME = "$(TARGET_NAME)";
				PROVISIONING_PROFILE = "";
				SWIFT_VERSION = 3.0;
			};
			name = Debug;
		};
		FA1F00B31C21C79B0003B09B /* Release */ = {
			isa = XCBuildConfiguration;
			baseConfigurationReference = 7F0267B42FF9B796E6D4F47D /* Pods-MealsOnWheels.release.xcconfig */;
			buildSettings = {
				ALWAYS_EMBED_SWIFT_STANDARD_LIBRARIES = YES;
				ASSETCATALOG_COMPILER_APPICON_NAME = AppIcon;
				CODE_SIGN_IDENTITY = "iPhone Developer";
				"CODE_SIGN_IDENTITY[sdk=iphoneos*]" = "iPhone Developer";
				INFOPLIST_FILE = MealsOnWheels/Info.plist;
				IPHONEOS_DEPLOYMENT_TARGET = 10.0;
				LD_RUNPATH_SEARCH_PATHS = "$(inherited) @executable_path/Frameworks";
				PRODUCT_BUNDLE_IDENTIFIER = "com.Akhilesh.$(PRODUCT_NAME:rfc1034identifier)";
				PRODUCT_NAME = "$(TARGET_NAME)";
				PROVISIONING_PROFILE = "";
				SWIFT_VERSION = 3.0;
			};
			name = Release;
		};
		FA1F00B51C21C79B0003B09B /* Debug */ = {
			isa = XCBuildConfiguration;
			baseConfigurationReference = 81ED8DF94161BD2073BA7FF2 /* Pods-MealsOnWheelsTests.debug.xcconfig */;
			buildSettings = {
				BUNDLE_LOADER = "$(TEST_HOST)";
				FRAMEWORK_SEARCH_PATHS = (
					"$(SDKROOT)/Developer/Library/Frameworks",
					"$(inherited)",
				);
				GCC_PREPROCESSOR_DEFINITIONS = (
					"DEBUG=1",
					"$(inherited)",
				);
				INFOPLIST_FILE = MealsOnWheelsTests/Info.plist;
				LD_RUNPATH_SEARCH_PATHS = "$(inherited) @executable_path/Frameworks @loader_path/Frameworks";
				PRODUCT_BUNDLE_IDENTIFIER = "com.Akhilesh.$(PRODUCT_NAME:rfc1034identifier)";
				PRODUCT_NAME = "$(TARGET_NAME)";
				SWIFT_VERSION = 3.0;
				TEST_HOST = "$(BUILT_PRODUCTS_DIR)/MealsOnWheels.app/MealsOnWheels";
			};
			name = Debug;
		};
		FA1F00B61C21C79B0003B09B /* Release */ = {
			isa = XCBuildConfiguration;
			baseConfigurationReference = 0852AB8AED781FAB5E705C51 /* Pods-MealsOnWheelsTests.release.xcconfig */;
			buildSettings = {
				BUNDLE_LOADER = "$(TEST_HOST)";
				FRAMEWORK_SEARCH_PATHS = (
					"$(SDKROOT)/Developer/Library/Frameworks",
					"$(inherited)",
				);
				INFOPLIST_FILE = MealsOnWheelsTests/Info.plist;
				LD_RUNPATH_SEARCH_PATHS = "$(inherited) @executable_path/Frameworks @loader_path/Frameworks";
				PRODUCT_BUNDLE_IDENTIFIER = "com.Akhilesh.$(PRODUCT_NAME:rfc1034identifier)";
				PRODUCT_NAME = "$(TARGET_NAME)";
				SWIFT_VERSION = 3.0;
				TEST_HOST = "$(BUILT_PRODUCTS_DIR)/MealsOnWheels.app/MealsOnWheels";
			};
			name = Release;
		};
/* End XCBuildConfiguration section */

/* Begin XCConfigurationList section */
		FA1F008D1C21C79B0003B09B /* Build configuration list for PBXProject "MealsOnWheels" */ = {
			isa = XCConfigurationList;
			buildConfigurations = (
				FA1F00AF1C21C79B0003B09B /* Debug */,
				FA1F00B01C21C79B0003B09B /* Release */,
			);
			defaultConfigurationIsVisible = 0;
			defaultConfigurationName = Release;
		};
		FA1F00B11C21C79B0003B09B /* Build configuration list for PBXNativeTarget "MealsOnWheels" */ = {
			isa = XCConfigurationList;
			buildConfigurations = (
				FA1F00B21C21C79B0003B09B /* Debug */,
				FA1F00B31C21C79B0003B09B /* Release */,
			);
			defaultConfigurationIsVisible = 0;
			defaultConfigurationName = Release;
		};
		FA1F00B41C21C79B0003B09B /* Build configuration list for PBXNativeTarget "MealsOnWheelsTests" */ = {
			isa = XCConfigurationList;
			buildConfigurations = (
				FA1F00B51C21C79B0003B09B /* Debug */,
				FA1F00B61C21C79B0003B09B /* Release */,
			);
			defaultConfigurationIsVisible = 0;
			defaultConfigurationName = Release;
		};
/* End XCConfigurationList section */
	};
	rootObject = FA1F008A1C21C79B0003B09B /* Project object */;
}
